
Microsoft Visual Studio Solution File, Format Version 12.00
# Visual Studio Version 17
VisualStudioVersion = 17.7.34024.191
MinimumVisualStudioVersion = 10.0.40219.1
Project("{FAE04EC0-301F-11D3-BF4B-00C04F79EFBC}") = "Practice3", "Practice3\Practice3.csproj", "{99F1AC52-D8B4-47CB-9120-C0CEFB873D1D}"
EndProject
Global
	GlobalSection(SolutionConfigurationPlatforms) = preSolution
		Debug|Any CPU = Debug|Any CPU
		Release|Any CPU = Release|Any CPU
	EndGlobalSection
	GlobalSection(ProjectConfigurationPlatforms) = postSolution
		{99F1AC52-D8B4-47CB-9120-C0CEFB873D1D}.Debug|Any CPU.ActiveCfg = Debug|Any CPU
		{99F1AC52-D8B4-47CB-9120-C0CEFB873D1D}.Debug|Any CPU.Build.0 = Debug|Any CPU
		{99F1AC52-D8B4-47CB-9120-C0CEFB873D1D}.Release|Any CPU.ActiveCfg = Release|Any CPU
		{99F1AC52-D8B4-47CB-9120-C0CEFB873D1D}.Release|Any CPU.Build.0 = Release|Any CPU
	EndGlobalSection
	GlobalSection(SolutionProperties) = preSolution
		HideSolutionNode = FALSE
	EndGlobalSection
	GlobalSection(ExtensibilityGlobals) = postSolution
		SolutionGuid = {E5700A45-ACD3-4633-AE4F-7B16A524F72E}
	EndGlobalSection
EndGlobal
